<?xml version="1.0" encoding="utf-8"?>
<Project ToolsVersion="4.0" xmlns="http://schemas.microsoft.com/developer/msbuild/2003">
  <ItemGroup>
    <Filter Include="Source Files">
      <UniqueIdentifier>{4FC737F1-C7A5-4376-A066-2A32D752A2FF}</UniqueIdentifier>
      <Extensions>cpp;cxx;c;def</Extensions>
    </Filter>
    <Filter Include="Header Files">
      <UniqueIdentifier>{93995380-89BD-4b04-88EB-625FBE52EBFB}</UniqueIdentifier>
      <Extensions>h</Extensions>
    </Filter>
    <Filter Include="Form Files">
      <UniqueIdentifier>{99349809-55BA-4b9d-BF79-8FDBB0286EB3}</UniqueIdentifier>
      <Extensions>ui</Extensions>
    </Filter>
    <Filter Include="Resource Files">
      <UniqueIdentifier>{D9D6E242-F8AF-46E4-B9FD-80ECBC20BA3E}</UniqueIdentifier>
      <Extensions>qrc;*</Extensions>
      <ParseFiles>false</ParseFiles>
    </Filter>
    <Filter Include="Generated Files">
      <UniqueIdentifier>{71ED8ED8-ACB9-4CE9-BBE1-E00B30144E11}</UniqueIdentifier>
      <Extensions>moc;h;cpp</Extensions>
      <SourceControlFiles>False</SourceControlFiles>
    </Filter>
    <Filter Include="Generated Files\Debug">
      <UniqueIdentifier>{8f302eee-213e-4d9c-90c1-3d2df34d8357}</UniqueIdentifier>
      <Extensions>cpp;moc</Extensions>
      <SourceControlFiles>False</SourceControlFiles>
    </Filter>
    <Filter Include="Generated Files\Release">
      <UniqueIdentifier>{86537980-1a93-4270-b5ff-b977875003dc}</UniqueIdentifier>
      <Extensions>cpp;moc</Extensions>
      <SourceControlFiles>False</SourceControlFiles>
    </Filter>
    <Filter Include="AES">
      <UniqueIdentifier>{80c3b308-bd9d-4530-b980-ec72e5a66519}</UniqueIdentifier>
    </Filter>
  </ItemGroup>
  <ItemGroup>
    <ClCompile Include="ZcloudCommon.cpp">
      <Filter>Source Files</Filter>
    </ClCompile>
    <ClCompile Include="MessageTipDlg.cpp">
      <Filter>Source Files</Filter>
    </ClCompile>
    <ClCompile Include="SrvInterface.cpp">
      <Filter>Source Files</Filter>
    </ClCompile>
    <ClCompile Include="DownLoadIcon.cpp">
      <Filter>Source Files</Filter>
    </ClCompile>
    <ClCompile Include="Database.cpp">
      <Filter>Source Files</Filter>
    </ClCompile>
    <ClCompile Include="AES\aes.c">
      <Filter>AES</Filter>
    </ClCompile>
    <ClCompile Include="AES\qaeswrap.cpp">
      <Filter>AES</Filter>
    </ClCompile>
    <ClCompile Include="WebView.cpp">
      <Filter>Source Files</Filter>
    </ClCompile>
    <ClCompile Include="JsInterface.cpp">
      <Filter>Source Files</Filter>
    </ClCompile>
    <ClCompile Include="ZcloudCommonWidget.cpp">
      <Filter>Source Files</Filter>
    </ClCompile>
    <ClCompile Include="CommentTextEdit.cpp">
      <Filter>Source Files</Filter>
    </ClCompile>
    <ClCompile Include="VerificationCodeLabel.cpp">
      <Filter>Source Files</Filter>
    </ClCompile>
    <ClCompile Include="UpdateTipDlg.cpp">
      <Filter>Source Files</Filter>
    </ClCompile>
  </ItemGroup>
  <ItemGroup>
    <ClInclude Include="..\..\include\ZcloudCommon.h">
      <Filter>Header Files</Filter>
    </ClInclude>
    <ClInclude Include="GeneratedFiles\ui_MessageTipDlg.h">
      <Filter>Generated Files</Filter>
    </ClInclude>
    <ClInclude Include="AES\aes.h">
      <Filter>AES</Filter>
    </ClInclude>
    <ClInclude Include="AES\qaeswrap.h">
      <Filter>AES</Filter>
    </ClInclude>
  </ItemGroup>
  <ItemGroup>
    <QtUic Include="MessageTipDlg.ui">
      <Filter>Form Files</Filter>
    </QtUic>
    <QtMoc Include="MessageTipDlg.h">
      <Filter>Header Files</Filter>
    </QtMoc>
    <QtRcc Include="ZcloudCommon.qrc">
      <Filter>Resource Files</Filter>
    </QtRcc>
    <QtUic Include="UpdateTipDlg.ui">
      <Filter>Form Files</Filter>
    </QtUic>
  </ItemGroup>
  <ItemGroup>
    <QtMoc Include="DownLoadIcon.h">
      <Filter>Header Files</Filter>
    </QtMoc>
    <QtMoc Include="..\..\include\Database.h">
      <Filter>Header Files</Filter>
    </QtMoc>
    <QtMoc Include="..\..\include\WebView.h">
      <Filter>Header Files</Filter>
    </QtMoc>
    <QtMoc Include="SrvInterface.h">
      <Filter>Header Files</Filter>
    </QtMoc>
    <QtMoc Include="..\..\include\JsInterface.h">
      <Filter>Header Files</Filter>
    </QtMoc>
    <QtMoc Include="..\..\include\ZcloudCommonWidget.h">
      <Filter>Header Files</Filter>
    </QtMoc>
    <QtMoc Include="..\..\include\CommentTextEdit.h">
      <Filter>Header Files</Filter>
    </QtMoc>
    <QtMoc Include="..\..\include\VerificationCodeLabel.h">
      <Filter>Header Files</Filter>
    </QtMoc>
    <QtMoc Include="UpdateTipDlg.h">
      <Filter>Header Files</Filter>
    </QtMoc>
  </ItemGroup>
</Project>