<?xml version="1.0" encoding="utf-8"?>
<Project ToolsVersion="4.0" xmlns="http://schemas.microsoft.com/developer/msbuild/2003">
  <ItemGroup>
    <Filter Include="Source Files">
      <UniqueIdentifier>{4FC737F1-C7A5-4376-A066-2A32D752A2FF}</UniqueIdentifier>
      <Extensions>cpp;cxx;c;def</Extensions>
    </Filter>
    <Filter Include="Header Files">
      <UniqueIdentifier>{93995380-89BD-4b04-88EB-625FBE52EBFB}</UniqueIdentifier>
      <Extensions>h</Extensions>
    </Filter>
    <Filter Include="Form Files">
      <UniqueIdentifier>{99349809-55BA-4b9d-BF79-8FDBB0286EB3}</UniqueIdentifier>
      <Extensions>ui</Extensions>
    </Filter>
    <Filter Include="Resource Files">
      <UniqueIdentifier>{D9D6E242-F8AF-46E4-B9FD-80ECBC20BA3E}</UniqueIdentifier>
      <Extensions>qrc;*</Extensions>
      <ParseFiles>false</ParseFiles>
    </Filter>
    <Filter Include="Generated Files">
      <UniqueIdentifier>{71ED8ED8-ACB9-4CE9-BBE1-E00B30144E11}</UniqueIdentifier>
      <Extensions>moc;h;cpp</Extensions>
      <SourceControlFiles>False</SourceControlFiles>
    </Filter>
    <Filter Include="Generated Files\Debug">
      <UniqueIdentifier>{cd59062e-4f99-457c-acca-4ee1a2bd343c}</UniqueIdentifier>
      <Extensions>cpp;moc</Extensions>
      <SourceControlFiles>False</SourceControlFiles>
    </Filter>
    <Filter Include="Generated Files\Release">
      <UniqueIdentifier>{6aee1443-7f3c-41f5-aefd-7295988200dc}</UniqueIdentifier>
      <Extensions>cpp;moc</Extensions>
      <SourceControlFiles>False</SourceControlFiles>
    </Filter>
  </ItemGroup>
  <ItemGroup>
    <ClInclude Include="GeneratedFiles\ui_MsgCenterWidget.h">
      <Filter>Generated Files</Filter>
    </ClInclude>
    <ClInclude Include="GeneratedFiles\ui_MsgCenterItem.h">
      <Filter>Generated Files</Filter>
    </ClInclude>
    <ClInclude Include="MsgInfoDenfine.h">
      <Filter>Header Files</Filter>
    </ClInclude>
  </ItemGroup>
  <ItemGroup>
    <ClCompile Include="MsgCenterWidget.cpp">
      <Filter>Source Files</Filter>
    </ClCompile>
    <ClCompile Include="MsgCenterItem.cpp">
      <Filter>Source Files</Filter>
    </ClCompile>
    <ClCompile Include="ZcloudMsgCenterImpl.cpp">
      <Filter>Source Files</Filter>
    </ClCompile>
    <ClCompile Include="ZcloudMsgThread.cpp">
      <Filter>Source Files</Filter>
    </ClCompile>
    <ClCompile Include="MsgDataBase.cpp">
      <Filter>Source Files</Filter>
    </ClCompile>
    <ClCompile Include="MsgFormWidget.cpp">
      <Filter>Source Files</Filter>
    </ClCompile>
  </ItemGroup>
  <ItemGroup>
    <QtMoc Include="MsgCenterWidget.h">
      <Filter>Header Files</Filter>
    </QtMoc>
    <QtUic Include="MsgCenterWidget.ui">
      <Filter>Form Files</Filter>
    </QtUic>
    <QtMoc Include="MsgCenterItem.h">
      <Filter>Header Files</Filter>
    </QtMoc>
    <QtUic Include="MsgCenterItem.ui">
      <Filter>Form Files</Filter>
    </QtUic>
    <QtRcc Include="ZcloudMsgCenter.qrc">
      <Filter>Resource Files</Filter>
    </QtRcc>
    <QtMoc Include="ZcloudMsgCenterImpl.h">
      <Filter>Header Files</Filter>
    </QtMoc>
    <QtMoc Include="ZcloudMsgThread.h">
      <Filter>Header Files</Filter>
    </QtMoc>
    <QtMoc Include="MsgDataBase.h">
      <Filter>Header Files</Filter>
    </QtMoc>
    <QtMoc Include="..\..\include\ZcloudMsgCenter.h">
      <Filter>Header Files</Filter>
    </QtMoc>
    <QtMoc Include="MsgFormWidget.h">
      <Filter>Header Files</Filter>
    </QtMoc>
  </ItemGroup>
  <ItemGroup>
    <QtUic Include="MsgFormWidget.ui">
      <Filter>Form Files</Filter>
    </QtUic>
  </ItemGroup>
</Project>