<?xml version="1.0" encoding="utf-8"?>
<Project ToolsVersion="4.0" xmlns="http://schemas.microsoft.com/developer/msbuild/2003">
  <ItemGroup>
    <Filter Include="Source Files">
      <UniqueIdentifier>{4FC737F1-C7A5-4376-A066-2A32D752A2FF}</UniqueIdentifier>
      <Extensions>cpp;cxx;c;def</Extensions>
    </Filter>
    <Filter Include="Header Files">
      <UniqueIdentifier>{93995380-89BD-4b04-88EB-625FBE52EBFB}</UniqueIdentifier>
      <Extensions>h</Extensions>
    </Filter>
    <Filter Include="Form Files">
      <UniqueIdentifier>{99349809-55BA-4b9d-BF79-8FDBB0286EB3}</UniqueIdentifier>
      <Extensions>ui</Extensions>
    </Filter>
    <Filter Include="Resource Files">
      <UniqueIdentifier>{D9D6E242-F8AF-46E4-B9FD-80ECBC20BA3E}</UniqueIdentifier>
      <Extensions>qrc;*</Extensions>
      <ParseFiles>false</ParseFiles>
    </Filter>
    <Filter Include="Generated Files">
      <UniqueIdentifier>{71ED8ED8-ACB9-4CE9-BBE1-E00B30144E11}</UniqueIdentifier>
      <Extensions>moc;h;cpp</Extensions>
      <SourceControlFiles>False</SourceControlFiles>
    </Filter>
    <Filter Include="Generated Files\Debug">
      <UniqueIdentifier>{4fc79c7b-6d6b-4272-9e7c-b8e857a7537c}</UniqueIdentifier>
      <Extensions>cpp;moc</Extensions>
      <SourceControlFiles>False</SourceControlFiles>
    </Filter>
    <Filter Include="Generated Files\Release">
      <UniqueIdentifier>{6cc0ad2c-5378-4911-812c-9a3ac1e62a96}</UniqueIdentifier>
      <Extensions>cpp;moc</Extensions>
      <SourceControlFiles>False</SourceControlFiles>
    </Filter>
  </ItemGroup>
  <ItemGroup>
    <ClCompile Include="main.cpp">
      <Filter>Source Files</Filter>
    </ClCompile>
    <ClCompile Include="MsgRightWidget.cpp">
      <Filter>Source Files</Filter>
    </ClCompile>
    <ClCompile Include="MsgCenteredWidget.cpp">
      <Filter>Source Files</Filter>
    </ClCompile>
    <ClCompile Include="ServiceFeeWidget.cpp">
      <Filter>Source Files</Filter>
    </ClCompile>
    <ClCompile Include="NamePipeClinet.cpp">
      <Filter>Source Files</Filter>
    </ClCompile>
    <ClCompile Include="PicMsgWidget.cpp">
      <Filter>Source Files</Filter>
    </ClCompile>
    <ClCompile Include="CheckProcessThread.cpp">
      <Filter>Source Files</Filter>
    </ClCompile>
    <ClCompile Include="ActivityWidget.cpp">
      <Filter>Source Files</Filter>
    </ClCompile>
    <ClCompile Include="MsgFormWidget.cpp">
      <Filter>Source Files</Filter>
    </ClCompile>
    <ClCompile Include="MsgDataBase.cpp">
      <Filter>Source Files</Filter>
    </ClCompile>
  </ItemGroup>
  <ItemGroup>
    <QtRcc Include="ZcloudMsgPopup.qrc">
      <Filter>Resource Files</Filter>
    </QtRcc>
    <QtMoc Include="MsgRightWidget.h">
      <Filter>Header Files</Filter>
    </QtMoc>
    <QtUic Include="MsgRightWidget.ui">
      <Filter>Form Files</Filter>
    </QtUic>
    <QtMoc Include="MsgCenteredWidget.h">
      <Filter>Header Files</Filter>
    </QtMoc>
    <QtUic Include="MsgCenteredWidget.ui">
      <Filter>Form Files</Filter>
    </QtUic>
    <QtMoc Include="ServiceFeeWidget.h">
      <Filter>Header Files</Filter>
    </QtMoc>
    <QtUic Include="ServiceFeeWidget.ui">
      <Filter>Form Files</Filter>
    </QtUic>
    <QtMoc Include="NamePipeClinet.h">
      <Filter>Header Files</Filter>
    </QtMoc>
  </ItemGroup>
  <ItemGroup>
    <ClInclude Include="GeneratedFiles\ui_MsgRightWidget.h">
      <Filter>Generated Files</Filter>
    </ClInclude>
    <ClInclude Include="GeneratedFiles\ui_MsgCenteredWidget.h">
      <Filter>Generated Files</Filter>
    </ClInclude>
    <ClInclude Include="GeneratedFiles\ui_ServiceFeeWidget.h">
      <Filter>Generated Files</Filter>
    </ClInclude>
    <ClInclude Include="resource.h">
      <Filter>Header Files</Filter>
    </ClInclude>
  </ItemGroup>
  <ItemGroup>
    <ResourceCompile Include="ZcloudMsgPopup.rc" />
  </ItemGroup>
  <ItemGroup>
    <QtMoc Include="PicMsgWidget.h">
      <Filter>Header Files</Filter>
    </QtMoc>
    <QtMoc Include="CheckProcessThread.h">
      <Filter>Header Files</Filter>
    </QtMoc>
    <QtMoc Include="ActivityWidget.h">
      <Filter>Header Files</Filter>
    </QtMoc>
    <QtMoc Include="MsgFormWidget.h">
      <Filter>Header Files</Filter>
    </QtMoc>
    <QtMoc Include="MsgDataBase.h">
      <Filter>Header Files</Filter>
    </QtMoc>
  </ItemGroup>
  <ItemGroup>
    <QtUic Include="PicMsgWidget.ui">
      <Filter>Form Files</Filter>
    </QtUic>
    <QtUic Include="ActivityWidget.ui">
      <Filter>Form Files</Filter>
    </QtUic>
    <QtUic Include="MsgFormWidget.ui">
      <Filter>Form Files</Filter>
    </QtUic>
  </ItemGroup>
</Project>