<?xml version="1.0" encoding="utf-8"?>
<Project ToolsVersion="4.0" xmlns="http://schemas.microsoft.com/developer/msbuild/2003">
  <ItemGroup>
    <Filter Include="Source Files">
      <UniqueIdentifier>{4FC737F1-C7A5-4376-A066-2A32D752A2FF}</UniqueIdentifier>
      <Extensions>cpp;cxx;c;def</Extensions>
    </Filter>
    <Filter Include="Header Files">
      <UniqueIdentifier>{93995380-89BD-4b04-88EB-625FBE52EBFB}</UniqueIdentifier>
      <Extensions>h</Extensions>
    </Filter>
    <Filter Include="Form Files">
      <UniqueIdentifier>{99349809-55BA-4b9d-BF79-8FDBB0286EB3}</UniqueIdentifier>
      <Extensions>ui</Extensions>
    </Filter>
    <Filter Include="Resource Files">
      <UniqueIdentifier>{D9D6E242-F8AF-46E4-B9FD-80ECBC20BA3E}</UniqueIdentifier>
      <Extensions>qrc;*</Extensions>
      <ParseFiles>false</ParseFiles>
    </Filter>
    <Filter Include="Generated Files">
      <UniqueIdentifier>{71ED8ED8-ACB9-4CE9-BBE1-E00B30144E11}</UniqueIdentifier>
      <Extensions>moc;h;cpp</Extensions>
      <SourceControlFiles>False</SourceControlFiles>
    </Filter>
    <Filter Include="Generated Files\Debug">
      <UniqueIdentifier>{f16c7f40-7c30-4868-a52e-3ba6e9e12a4e}</UniqueIdentifier>
      <Extensions>cpp;moc</Extensions>
      <SourceControlFiles>False</SourceControlFiles>
    </Filter>
    <Filter Include="Generated Files\Release">
      <UniqueIdentifier>{e8500405-afaf-446d-a484-4e334cf07867}</UniqueIdentifier>
      <Extensions>cpp;moc</Extensions>
      <SourceControlFiles>False</SourceControlFiles>
    </Filter>
  </ItemGroup>
  <ItemGroup>
    <ClCompile Include="main.cpp">
      <Filter>Source Files</Filter>
    </ClCompile>
    <ClCompile Include="ZcloudDesk.cpp">
      <Filter>Source Files</Filter>
    </ClCompile>
    <ClCompile Include="SingleApplication.cpp">
      <Filter>Source Files</Filter>
    </ClCompile>
    <ClCompile Include="EdgeToHide.cpp">
      <Filter>Source Files</Filter>
    </ClCompile>
    <ClCompile Include="PipeServerThread.cpp">
      <Filter>Source Files</Filter>
    </ClCompile>
    <ClCompile Include="WallpaperWidget.cpp">
      <Filter>Source Files</Filter>
    </ClCompile>
    <ClCompile Include="LoginDialog.cpp">
      <Filter>Source Files</Filter>
    </ClCompile>
    <ClCompile Include="SettingWidget.cpp">
      <Filter>Source Files</Filter>
    </ClCompile>
    <ClCompile Include="ActivityWidget.cpp">
      <Filter>Source Files</Filter>
    </ClCompile>
    <ClCompile Include="HttpInterface.cpp">
      <Filter>Source Files</Filter>
    </ClCompile>
    <ClCompile Include="zappmenubutton.cpp">
      <Filter>Source Files</Filter>
    </ClCompile>
    <ClCompile Include="zdot.cpp">
      <Filter>Source Files</Filter>
    </ClCompile>
    <ClCompile Include="TopToolWidget.cpp">
      <Filter>Source Files</Filter>
    </ClCompile>
    <ClCompile Include="LabelEx.cpp">
      <Filter>Source Files</Filter>
    </ClCompile>
    <ClCompile Include="CommWidget.cpp">
      <Filter>Source Files</Filter>
    </ClCompile>
    <ClCompile Include="CheckUpdater.cpp">
      <Filter>Source Files</Filter>
    </ClCompile>
    <ClCompile Include="CheckServiceThread.cpp">
      <Filter>Source Files</Filter>
    </ClCompile>
    <ClCompile Include="LoginWidgets.cpp">
      <Filter>Source Files</Filter>
    </ClCompile>
    <ClCompile Include="LoginThread.cpp">
      <Filter>Source Files</Filter>
    </ClCompile>
    <ClCompile Include="CalculatorWidget.cpp">
      <Filter>Source Files</Filter>
    </ClCompile>
    <ClCompile Include="NoviceDlg.cpp">
      <Filter>Source Files</Filter>
    </ClCompile>
    <ClCompile Include="VerDesWidget.cpp">
      <Filter>Source Files</Filter>
    </ClCompile>
    <ClCompile Include="SignInWidget.cpp">
      <Filter>Source Files</Filter>
    </ClCompile>
    <ClCompile Include="TwobarCodeWidget.cpp">
      <Filter>Source Files</Filter>
    </ClCompile>
  </ItemGroup>
  <ItemGroup>
    <QtMoc Include="ZcloudDesk.h">
      <Filter>Header Files</Filter>
    </QtMoc>
    <QtRcc Include="ZcloudDesk.qrc">
      <Filter>Resource Files</Filter>
    </QtRcc>
    <QtMoc Include="SingleApplication.h">
      <Filter>Header Files</Filter>
    </QtMoc>
    <QtMoc Include="EdgeToHide.h">
      <Filter>Header Files</Filter>
    </QtMoc>
    <QtMoc Include="PipeServerThread.h">
      <Filter>Header Files</Filter>
    </QtMoc>
    <QtMoc Include="WallpaperWidget.h">
      <Filter>Header Files</Filter>
    </QtMoc>
    <QtUic Include="WallpaperWidget.ui">
      <Filter>Form Files</Filter>
    </QtUic>
    <QtMoc Include="LoginDialog.h">
      <Filter>Header Files</Filter>
    </QtMoc>
    <QtUic Include="SettingWidget.ui">
      <Filter>Form Files</Filter>
    </QtUic>
    <QtMoc Include="SettingWidget.h">
      <Filter>Header Files</Filter>
    </QtMoc>
    <QtMoc Include="ActivityWidget.h">
      <Filter>Header Files</Filter>
    </QtMoc>
    <QtUic Include="ActivityWidget.ui">
      <Filter>Form Files</Filter>
    </QtUic>
    <QtMoc Include="HttpInterface.h">
      <Filter>Header Files</Filter>
    </QtMoc>
    <QtUic Include="TopToolWidget.ui">
      <Filter>Form Files</Filter>
    </QtUic>
    <QtUic Include="CalculatorWidget.ui">
      <Filter>Form Files</Filter>
    </QtUic>
    <QtUic Include="NoviceDlg.ui">
      <Filter>Form Files</Filter>
    </QtUic>
    <QtUic Include="VerDesWidget.ui">
      <Filter>Form Files</Filter>
    </QtUic>
    <QtUic Include="SignInWidget.ui">
      <Filter>Form Files</Filter>
    </QtUic>
    <QtUic Include="TwobarCodeWidget.ui">
      <Filter>Form Files</Filter>
    </QtUic>
  </ItemGroup>
  <ItemGroup>
    <ClInclude Include="GeneratedFiles\ui_ZcloudDesk.h">
      <Filter>Generated Files</Filter>
    </ClInclude>
    <ClInclude Include="resource.h">
      <Filter>Header Files</Filter>
    </ClInclude>
    <ClInclude Include="GeneratedFiles\ui_WallpaperWidget.h">
      <Filter>Generated Files</Filter>
    </ClInclude>
    <ClInclude Include="..\..\include\ZcloudCommon.h">
      <Filter>Header Files</Filter>
    </ClInclude>
    <ClInclude Include="GeneratedFiles\ui_SettingWidget.h">
      <Filter>Generated Files</Filter>
    </ClInclude>
    <ClInclude Include="GeneratedFiles\ui_ActivityWidget.h">
      <Filter>Generated Files</Filter>
    </ClInclude>
    <ClInclude Include="zdot.h">
      <Filter>Header Files</Filter>
    </ClInclude>
    <ClInclude Include="GeneratedFiles\ui_TwobarCodeWidget.h">
      <Filter>Generated Files</Filter>
    </ClInclude>
  </ItemGroup>
  <ItemGroup>
    <ResourceCompile Include="ZcloudDesk.rc" />
  </ItemGroup>
  <ItemGroup>
    <Image Include="image\zc64.ico" />
    <Image Include="image\zc64Gz.ico" />
  </ItemGroup>
  <ItemGroup>
    <QtMoc Include="zappmenubutton.h">
      <Filter>Header Files</Filter>
    </QtMoc>
    <QtMoc Include="TopToolWidget.h">
      <Filter>Header Files</Filter>
    </QtMoc>
    <QtMoc Include="LabelEx.h">
      <Filter>Header Files</Filter>
    </QtMoc>
    <QtMoc Include="CommWidget.h">
      <Filter>Header Files</Filter>
    </QtMoc>
    <QtMoc Include="CheckUpdater.h">
      <Filter>Header Files</Filter>
    </QtMoc>
    <QtMoc Include="CheckServiceThread.h">
      <Filter>Header Files</Filter>
    </QtMoc>
    <QtMoc Include="LoginWidgets.h">
      <Filter>Header Files</Filter>
    </QtMoc>
    <QtMoc Include="LoginThread.h">
      <Filter>Header Files</Filter>
    </QtMoc>
    <QtMoc Include="CalculatorWidget.h">
      <Filter>Header Files</Filter>
    </QtMoc>
    <QtMoc Include="NoviceDlg.h">
      <Filter>Header Files</Filter>
    </QtMoc>
    <QtMoc Include="VerDesWidget.h">
      <Filter>Header Files</Filter>
    </QtMoc>
    <QtMoc Include="SignInWidget.h">
      <Filter>Header Files</Filter>
    </QtMoc>
    <QtMoc Include="TwobarCodeWidget.h">
      <Filter>Header Files</Filter>
    </QtMoc>
  </ItemGroup>
  <ItemGroup>
    <QtUic Include="ZcloudDesk.ui">
      <Filter>Form Files</Filter>
    </QtUic>
  </ItemGroup>
</Project>